
Microsoft Visual Studio Solution File, Format Version 12.00
# Visual Studio Version 16
VisualStudioVersion = 16.0.31313.79
MinimumVisualStudioVersion = 10.0.40219.1
Project("{FAE04EC0-301F-11D3-BF4B-00C04F79EFBC}") = "FlyingObject", "..\..\..\Downloads\Telegram Desktop\WPF_Petzold_2\FlyingObject.csproj", "{AE4791C9-7B46-4BFA-AFC2-14A186777905}"
EndProject
Global
	GlobalSection(SolutionConfigurationPlatforms) = preSolution
		Debug|Any CPU = Debug|Any CPU
		Release|Any CPU = Release|Any CPU
	EndGlobalSection
	GlobalSection(ProjectConfigurationPlatforms) = postSolution
		{AE4791C9-7B46-4BFA-AFC2-14A186777905}.Debug|Any CPU.ActiveCfg = Debug|Any CPU
		{AE4791C9-7B46-4BFA-AFC2-14A186777905}.Debug|Any CPU.Build.0 = Debug|Any CPU
		{AE4791C9-7B46-4BFA-AFC2-14A186777905}.Release|Any CPU.ActiveCfg = Release|Any CPU
		{AE4791C9-7B46-4BFA-AFC2-14A186777905}.Release|Any CPU.Build.0 = Release|Any CPU
	EndGlobalSection
	GlobalSection(SolutionProperties) = preSolution
		HideSolutionNode = FALSE
	EndGlobalSection
	GlobalSection(ExtensibilityGlobals) = postSolution
		SolutionGuid = {A6D79082-84E4-473C-8C03-E461DF5C0D81}
	EndGlobalSection
EndGlobal
